
Microsoft Visual Studio Solution File, Format Version 12.00
# Visual Studio Version 17
VisualStudioVersion = 17.10.35027.167
MinimumVisualStudioVersion = 10.0.40219.1
Project("{9A19103F-16F7-4668-BE54-9A1E7A4F7556}") = "CreateImages", "CreateImages\CreateImages.csproj", "{09F849A5-8D57-42CA-A289-479C0011362C}"
EndProject
Global
	GlobalSection(SolutionConfigurationPlatforms) = preSolution
		Debug|Any CPU = Debug|Any CPU
		Release|Any CPU = Release|Any CPU
	EndGlobalSection
	GlobalSection(ProjectConfigurationPlatforms) = postSolution
		{09F849A5-8D57-42CA-A289-479C0011362C}.Debug|Any CPU.ActiveCfg = Debug|Any CPU
		{09F849A5-8D57-42CA-A289-479C0011362C}.Debug|Any CPU.Build.0 = Debug|Any CPU
		{09F849A5-8D57-42CA-A289-479C0011362C}.Release|Any CPU.ActiveCfg = Release|Any CPU
		{09F849A5-8D57-42CA-A289-479C0011362C}.Release|Any CPU.Build.0 = Release|Any CPU
	EndGlobalSection
	GlobalSection(SolutionProperties) = preSolution
		HideSolutionNode = FALSE
	EndGlobalSection
	GlobalSection(ExtensibilityGlobals) = postSolution
		SolutionGuid = {F81D9934-866F-4F23-A601-48EAE4CE7E00}
	EndGlobalSection
EndGlobal
